{
    "_meta": {
        "hash": {
            "sha256": "515f0ee04dbebc209092f09afced19bb17ec58597b64b6c6cad4f7f65fa7427c"
        },
        "pipfile-spec": 6,
        "requires": {
            "python_version": "3.10"
        },
        "sources": [
            {
                "name": "pypi",
                "url": "https://pypi.org/simple",
                "verify_ssl": true
            }
        ]
    },
    "default": {
        "cffi": {
            "hashes": [
                "sha256:00c878c90cb53ccfaae6b8bc18ad05d2036553e6d9d1d9dbcf323bbe83854ca3",
                "sha256:0104fb5ae2391d46a4cb082abdd5c69ea4eab79d8d44eaaf79f1b1fd806ee4c2",
                "sha256:06c48159c1abed75c2e721b1715c379fa3200c7784271b3c46df01383b593636",
                "sha256:0808014eb713677ec1292301ea4c81ad277b6cdf2fdd90fd540af98c0b101d20",
                "sha256:10dffb601ccfb65262a27233ac273d552ddc4d8ae1bf93b21c94b8511bffe728",
                "sha256:14cd121ea63ecdae71efa69c15c5543a4b5fbcd0bbe2aad864baca0063cecf27",
                "sha256:17771976e82e9f94976180f76468546834d22a7cc404b17c22df2a2c81db0c66",
                "sha256:181dee03b1170ff1969489acf1c26533710231c58f95534e3edac87fff06c443",
                "sha256:23cfe892bd5dd8941608f93348c0737e369e51c100d03718f108bf1add7bd6d0",
                "sha256:263cc3d821c4ab2213cbe8cd8b355a7f72a8324577dc865ef98487c1aeee2bc7",
                "sha256:2756c88cbb94231c7a147402476be2c4df2f6078099a6f4a480d239a8817ae39",
                "sha256:27c219baf94952ae9d50ec19651a687b826792055353d07648a5695413e0c605",
                "sha256:2a23af14f408d53d5e6cd4e3d9a24ff9e05906ad574822a10563efcef137979a",
                "sha256:31fb708d9d7c3f49a60f04cf5b119aeefe5644daba1cd2a0fe389b674fd1de37",
                "sha256:3415c89f9204ee60cd09b235810be700e993e343a408693e80ce7f6a40108029",
                "sha256:3773c4d81e6e818df2efbc7dd77325ca0dcb688116050fb2b3011218eda36139",
                "sha256:3b96a311ac60a3f6be21d2572e46ce67f09abcf4d09344c49274eb9e0bf345fc",
                "sha256:3f7d084648d77af029acb79a0ff49a0ad7e9d09057a9bf46596dac9514dc07df",
                "sha256:41d45de54cd277a7878919867c0f08b0cf817605e4eb94093e7516505d3c8d14",
                "sha256:4238e6dab5d6a8ba812de994bbb0a79bddbdf80994e4ce802b6f6f3142fcc880",
                "sha256:45db3a33139e9c8f7c09234b5784a5e33d31fd6907800b316decad50af323ff2",
                "sha256:45e8636704eacc432a206ac7345a5d3d2c62d95a507ec70d62f23cd91770482a",
                "sha256:4958391dbd6249d7ad855b9ca88fae690783a6be9e86df65865058ed81fc860e",
                "sha256:4a306fa632e8f0928956a41fa8e1d6243c71e7eb59ffbd165fc0b41e316b2474",
                "sha256:57e9ac9ccc3101fac9d6014fba037473e4358ef4e89f8e181f8951a2c0162024",
                "sha256:59888172256cac5629e60e72e86598027aca6bf01fa2465bdb676d37636573e8",
                "sha256:5e069f72d497312b24fcc02073d70cb989045d1c91cbd53979366077959933e0",
                "sha256:64d4ec9f448dfe041705426000cc13e34e6e5bb13736e9fd62e34a0b0c41566e",
                "sha256:6dc2737a3674b3e344847c8686cf29e500584ccad76204efea14f451d4cc669a",
                "sha256:74fdfdbfdc48d3f47148976f49fab3251e550a8720bebc99bf1483f5bfb5db3e",
                "sha256:75e4024375654472cc27e91cbe9eaa08567f7fbdf822638be2814ce059f58032",
                "sha256:786902fb9ba7433aae840e0ed609f45c7bcd4e225ebb9c753aa39725bb3e6ad6",
                "sha256:8b6c2ea03845c9f501ed1313e78de148cd3f6cad741a75d43a29b43da27f2e1e",
                "sha256:91d77d2a782be4274da750752bb1650a97bfd8f291022b379bb8e01c66b4e96b",
                "sha256:91ec59c33514b7c7559a6acda53bbfe1b283949c34fe7440bcf917f96ac0723e",
                "sha256:920f0d66a896c2d99f0adbb391f990a84091179542c205fa53ce5787aff87954",
                "sha256:a5263e363c27b653a90078143adb3d076c1a748ec9ecc78ea2fb916f9b861962",
                "sha256:abb9a20a72ac4e0fdb50dae135ba5e77880518e742077ced47eb1499e29a443c",
                "sha256:c2051981a968d7de9dd2d7b87bcb9c939c74a34626a6e2f8181455dd49ed69e4",
                "sha256:c21c9e3896c23007803a875460fb786118f0cdd4434359577ea25eb556e34c55",
                "sha256:c2502a1a03b6312837279c8c1bd3ebedf6c12c4228ddbad40912d671ccc8a962",
                "sha256:d4d692a89c5cf08a8557fdeb329b82e7bf609aadfaed6c0d79f5a449a3c7c023",
                "sha256:da5db4e883f1ce37f55c667e5c0de439df76ac4cb55964655906306918e7363c",
                "sha256:e7022a66d9b55e93e1a845d8c9eba2a1bebd4966cd8bfc25d9cd07d515b33fa6",
                "sha256:ef1f279350da2c586a69d32fc8733092fd32cc8ac95139a00377841f59a3f8d8",
                "sha256:f54a64f8b0c8ff0b64d18aa76675262e1700f3995182267998c31ae974fbc382",
                "sha256:f5c7150ad32ba43a07c4479f40241756145a1f03b43480e058cfd862bf5041c7",
                "sha256:f6f824dc3bce0edab5f427efcfb1d63ee75b6fcb7282900ccaf925be84efb0fc",
                "sha256:fd8a250edc26254fe5b33be00402e6d287f562b6a5b2152dec302fa15bb3e997",
                "sha256:ffaa5c925128e29efbde7301d8ecaf35c8c60ffbcd6a1ffd3a552177c8e5e796"
            ],
            "version": "==1.15.0"
        },
        "neat-python": {
            "hashes": [
                "sha256:be722a62d053b39fe960228e3e0baffdebe73074133ce40bbd35de650ca53a0f",
                "sha256:c69f3748032cc9653b902f0cca05983b79f5288c67aed747aa47279161117059"
            ],
            "index": "pypi",
            "version": "==0.92"
        },
        "pycparser": {
            "hashes": [
                "sha256:8ee45429555515e1f6b185e78100aea234072576aa43ab53aefcae078162fca9",
                "sha256:e644fdec12f7872f86c58ff790da456218b10f863970249516d60a5eaca77206"
            ],
            "version": "==2.21"
        },
        "pyglet": {
            "hashes": [
                "sha256:1268a604b2268419cad94e95e42711553463f602c101f2bd48eb6eacaf9c306c",
                "sha256:5b4a4d5e5ad54946e31492eac67f7292e51a6577244641a277180f90a0192a8e"
            ],
            "index": "pypi",
            "version": "==1.5.24"
        },
        "pymunk": {
            "hashes": [
                "sha256:02adec146811918e6e2c69157d67a8e71a23d355f3448f2d585ee5198423ebbf",
                "sha256:0303eae52578038e1692b746b4cfe625e284445340363645f1c04bd2b5e1b6fc",
                "sha256:0c807fef9534865ea321c4f8fbb9d04e71dfa3e5b5f44a52c9c4fa4d4e9b49d3",
                "sha256:0f21b16d508b0ad1bacb557b1f3954fb6e4c613408ba4d289b5cedfd6bb4e321",
                "sha256:18392fd4c9aee9c135395707e2c55e39e1db133037b2f1e4df25f39fbc38e92d",
                "sha256:18ae0f83ec2dc20892b98c84127ce9149ab40fa3c3120097377e1506884b27b8",
                "sha256:1a8e85166e7e543e47367e7062ac65298ec16d0e0f4f68b48a85c5da9488af9d",
                "sha256:1fcf646dd9e0ecf1224a01026d0beefff4be381bde563aaf567ca7bfbe84d568",
                "sha256:21c683995c7c9763070ef501cb90817e0158f1aacc95fe316338e02754f3a4bf",
                "sha256:22910cfc972f46f1581c16ac882b17abbab69e5d3bab176ee7eb1670e79c61e4",
                "sha256:23946f1677daaaae41ddf4a69d31441a24eedd5fa94aae01d0fc16fe4a6ce811",
                "sha256:273991699791af1fc187147f99a694ca67a7dfceef862084abecc375dd2e1082",
                "sha256:35b5ea71f72209a86004a03d4fbe1fdd37dd4eeba274ff2119b76e363402cc15",
                "sha256:384dd611b4c362a74c4c97b23dc03e8588850d850581915785babb0c66ff0fbd",
                "sha256:4153571e7daa7cdfd27ad86ab9e7b74cf6b708d163622880dbce369c7d6fabd4",
                "sha256:596e59683ea9107f52ee44d3b846b7092d6ea402d701afec08b8bc429907c6ab",
                "sha256:6603dd6075b26ecb4f8e0163b467ab0e0dff956f40768230829b352f571293d3",
                "sha256:73e80f0141709434c1adc3fbb8cb7dc9684dc3ad09985a1ae3e81ab5a3706b8f",
                "sha256:75b6f8574b067be83c26b127f42b6cc457c7af75970c7d201ff4cfecd4c0f0c8",
                "sha256:75e179f594a62d3adb900239a351160e4b61683543dd9901fd2c9d09a65e4de1",
                "sha256:76de49fe5597796f65a6c94c6b3842195fc61ee960f6b7625203fb3eb4a3e0fe",
                "sha256:77be3ece10f164dd4cd0d03a9dd5e172f505c38830f307ff3fca2dfef271f5a4",
                "sha256:7dc1d068450b5b1dab5e0a3bd7d6a756c6f73f3b05a66e3c8f3342929b481950",
                "sha256:810bc1321c4b74e94574e713cd4f9f6c1742e9bd2430536515e6441090c26a20",
                "sha256:81ffa3087cb94ed3596166642695787950d9eb43b9b2e70f915c9eb6f74b2a2d",
                "sha256:83270e5ff80f24f22081c6ae0333e084f9c711382b8a08b3b856ff55db5ca0f2",
                "sha256:8c77aa16c75028fccf25937775705673276a959f92fdc1451c69d10290504c6f",
                "sha256:a706b594287d8dad6206547683fd83dacf0a1f1ce6722867c28030e90e5b502a",
                "sha256:b0b983ca00549905351a91251aa67f903e2d718f228d1ea50e35c30dcd5a3f19",
                "sha256:b56d81629f4e352c29064b0f6aa0d4a4750da4632f00b0d539504971105c4323",
                "sha256:d94a8cd325d2100280e27744e8088aa2db1feacc33e3241786653a03a2b68168",
                "sha256:da71bcee179c54c68fbac290e40ba6024b005613c11bfea9fe6c43199dcf7b6d",
                "sha256:de54ba2b76dcf180beac80edf0ba7ff295e282778d5e7c3f9f45f2633d6214dc",
                "sha256:e1d2cd7f5bad886dba565f779452d8c053e1e540d6bd8864281e93b6b5158ca6",
                "sha256:e1e5d1a71623ee310ba11e23f6fa4bdb1fe5258e0709e7decdc4a080b3b8b741",
                "sha256:e505063fbd1ce8b1459ed71777773425bb59bf536ef7fc9e4bdb62ecd0b194f7",
                "sha256:e6764612950df1880f180b1e3773368a851b7bb7c1e8fc8ee7f18631e4d8f0ea",
                "sha256:e6eff022a70e096298f23322b3f3176e2d663614147c90fe7160a74fc055f33c",
                "sha256:ec7dbfdd12d076dd1219751aa1b48bb4a319e7fd36f017a3745211a8fd269f2a",
                "sha256:f1e6c4a329252decce15a4671486fd82694244a3a8d06ab7edfb411d4a20a04e",
                "sha256:fad6d3dc2bb36ff2be430fb012478231cf7b9dd8a70f918d4f145cea25285d6d",
                "sha256:fc217b0171fe87b64dd8e6d33b9f577db632c287439dad3030a15db65c141924",
                "sha256:fc21e0ffac12c86acb9eca61093fd5f51d3fb473dc079c36f39d2527648560f8"
            ],
            "index": "pypi",
            "version": "==6.2.1"
        }
    },
    "develop": {
        "flake8": {
            "hashes": [
                "sha256:479b1304f72536a55948cb40a32dce8bb0ffe3501e26eaf292c7e60eb5e0428d",
                "sha256:806e034dda44114815e23c16ef92f95c91e4c71100ff52813adf7132a6ad870d"
            ],
            "index": "pypi",
            "version": "==4.0.1"
        },
        "jedi": {
            "hashes": [
                "sha256:637c9635fcf47945ceb91cd7f320234a7be540ded6f3e99a50cb6febdfd1ba8d",
                "sha256:74137626a64a99c8eb6ae5832d99b3bdd7d29a3850fe2aa80a4126b2a7d949ab"
            ],
            "index": "pypi",
            "version": "==0.18.1"
        },
        "mccabe": {
            "hashes": [
                "sha256:ab8a6258860da4b6677da4bd2fe5dc2c659cff31b3ee4f7f5d64e79735b80d42",
                "sha256:dd8d182285a0fe56bace7f45b5e7d1a6ebcbf524e8f3bd87eb0f125271b8831f"
            ],
            "version": "==0.6.1"
        },
        "parso": {
            "hashes": [
                "sha256:8c07be290bb59f03588915921e29e8a50002acaf2cdc5fa0e0114f91709fafa0",
                "sha256:c001d4636cd3aecdaf33cbb40aebb59b094be2a74c556778ef5576c175e19e75"
            ],
            "markers": "python_version >= '3.6'",
            "version": "==0.8.3"
        },
        "pycodestyle": {
            "hashes": [
                "sha256:720f8b39dde8b293825e7ff02c475f3077124006db4f440dcbc9a20b76548a20",
                "sha256:eddd5847ef438ea1c7870ca7eb78a9d47ce0cdb4851a5523949f2601d0cbbe7f"
            ],
            "markers": "python_version >= '2.7' and python_version not in '3.0, 3.1, 3.2, 3.3, 3.4'",
            "version": "==2.8.0"
        },
        "pyflakes": {
            "hashes": [
                "sha256:05a85c2872edf37a4ed30b0cce2f6093e1d0581f8c19d7393122da7e25b2b24c",
                "sha256:3bb3a3f256f4b7968c9c788781e4ff07dce46bdf12339dcda61053375426ee2e"
            ],
            "markers": "python_version >= '2.7' and python_version not in '3.0, 3.1, 3.2, 3.3'",
            "version": "==2.4.0"
        }
    }
}
